
Microsoft Visual Studio Solution File, Format Version 12.00
# Visual Studio 15
VisualStudioVersion = 15.0.28010.2046
MinimumVisualStudioVersion = 10.0.40219.1
Project("{2150E333-8FDC-42A3-9474-1A3956D46DE8}") = "Structure", "Structure", "{C012F55D-3C14-4FE1-8B56-F959DB0F777D}"
EndProject
Project("{2150E333-8FDC-42A3-9474-1A3956D46DE8}") = "Behavior", "Behavior", "{3F19DCAE-64A2-4DF7-A87C-202BDBE4CCBB}"
EndProject
Project("{2150E333-8FDC-42A3-9474-1A3956D46DE8}") = "Creation", "Creation", "{D8A58512-AFCE-4AF3-B2C4-AF01A2295968}"
EndProject
Project("{FAE04EC0-301F-11D3-BF4B-00C04F79EFBC}") = "DesignPatterns.Structure.Facade", "DesignPatterns.Structure.Facade\DesignPatterns.Structure.Facade.csproj", "{BF4FE230-F930-4B60-A10D-B0E4F77FC0C5}"
EndProject
Project("{2150E333-8FDC-42A3-9474-1A3956D46DE8}") = "Facade", "Facade", "{3223F783-E59C-4A8C-9472-23F53A4A8F98}"
EndProject
Global
	GlobalSection(SolutionConfigurationPlatforms) = preSolution
		Debug|Any CPU = Debug|Any CPU
		Release|Any CPU = Release|Any CPU
	EndGlobalSection
	GlobalSection(ProjectConfigurationPlatforms) = postSolution
		{BF4FE230-F930-4B60-A10D-B0E4F77FC0C5}.Debug|Any CPU.ActiveCfg = Debug|Any CPU
		{BF4FE230-F930-4B60-A10D-B0E4F77FC0C5}.Debug|Any CPU.Build.0 = Debug|Any CPU
		{BF4FE230-F930-4B60-A10D-B0E4F77FC0C5}.Release|Any CPU.ActiveCfg = Release|Any CPU
		{BF4FE230-F930-4B60-A10D-B0E4F77FC0C5}.Release|Any CPU.Build.0 = Release|Any CPU
	EndGlobalSection
	GlobalSection(SolutionProperties) = preSolution
		HideSolutionNode = FALSE
	EndGlobalSection
	GlobalSection(NestedProjects) = preSolution
		{BF4FE230-F930-4B60-A10D-B0E4F77FC0C5} = {3223F783-E59C-4A8C-9472-23F53A4A8F98}
		{3223F783-E59C-4A8C-9472-23F53A4A8F98} = {C012F55D-3C14-4FE1-8B56-F959DB0F777D}
	EndGlobalSection
	GlobalSection(ExtensibilityGlobals) = postSolution
		SolutionGuid = {C41C8005-7C02-47D8-BA35-C4329ACEC0EE}
	EndGlobalSection
EndGlobal
